{
  "requires": true,
  "lockfileVersion": 1,
  "dependencies": {
    "lax.js": {
      "version": "1.2.5",
      "resolved": "https://registry.npmjs.org/lax.js/-/lax.js-1.2.5.tgz",
      "integrity": "sha512-Ytf7ZUhn2YLtyYoUFT8KpoRYvzw0awTr66J0vrp4NpwPaXPp504yhvsrqtP6ZDny3/Y7UOQsWHylV9iLl3cuoQ=="
    },
    "rellax": {
      "version": "1.12.1",
      "resolved": "https://registry.npmjs.org/rellax/-/rellax-1.12.1.tgz",
      "integrity": "sha512-XBIi0CDpW5FLTujYjYBn1CIbK2CJL6TsAg/w409KghP2LucjjzBjsujXDAjyBLWgsfupfUcL5WzdnIPcGfK7XA=="
    },
    "typed.js": {
      "version": "2.0.11",
      "resolved": "https://registry.npmjs.org/typed.js/-/typed.js-2.0.11.tgz",
      "integrity": "sha512-1ZORHalEyLob34q738mqmwp0pT6syMigB1SZuTItqdhovWBKFIt7I5uVALXAGQZCg2MCtihCt6uqkoqPJK+9iQ=="
    }
  }
}
